<?xml version="1.0" encoding="utf-8"?>
<Project ToolsVersion="4.0" xmlns="http://schemas.microsoft.com/developer/msbuild/2003">
  <ItemGroup>
    <Filter Include="资源文件">
      <UniqueIdentifier>{67DA6AB6-F800-4c08-8B7A-83BB121AAD01}</UniqueIdentifier>
      <Extensions>rc;ico;cur;bmp;dlg;rc2;rct;bin;rgs;gif;jpg;jpeg;jpe;resx;tiff;tif;png;wav;mfcribbon-ms</Extensions>
    </Filter>
    <Filter Include="Log">
      <UniqueIdentifier>{2b13b032-86b0-4968-9d84-dd608954e950}</UniqueIdentifier>
    </Filter>
    <Filter Include="String">
      <UniqueIdentifier>{200d8aee-1c17-4187-a9ff-940f13164dea}</UniqueIdentifier>
    </Filter>
    <Filter Include="FileIO">
      <UniqueIdentifier>{b90b65f9-5629-47c7-b276-5c51e297654a}</UniqueIdentifier>
    </Filter>
  </ItemGroup>
  <ItemGroup>
    <ClInclude Include="Inc\UtilityPublic.h" />
  </ItemGroup>
</Project>